{
  "version": 2,
  "dependencies": {
    "net10.0": {
      "commerce.application": {
        "type": "Project",
        "dependencies": {
          "Commerce.Contracts": "[1.0.0, )",
          "Commerce.Domain": "[1.0.0, )"
        }
      },
      "commerce.contracts": {
        "type": "Project"
      },
      "commerce.domain": {
        "type": "Project"
      },
      "payments.application": {
        "type": "Project",
        "dependencies": {
          "Commerce.Application": "[1.0.0, )",
          "Payments.Contracts": "[1.0.0, )",
          "Payments.Domain": "[1.0.0, )"
        }
      },
      "payments.contracts": {
        "type": "Project",
        "dependencies": {
          "Commerce.Contracts": "[1.0.0, )"
        }
      },
      "payments.domain": {
        "type": "Project",
        "dependencies": {
          "Commerce.Domain": "[1.0.0, )"
        }
      }
    }
  }
}